
Microsoft Visual Studio Solution File, Format Version 12.00
Project("{F2A71F9B-5D33-465A-A702-920D77279786}") = "Chap02", "Chap02\Chap02.fsproj", "{FF50F60D-134F-4DBD-9EED-3E0789354CB3}"
EndProject
Project("{F2A71F9B-5D33-465A-A702-920D77279786}") = "Common", "Common\Common.fsproj", "{6B3B0636-2FE0-4B01-89D4-55CF88B4D165}"
EndProject
Project("{F2A71F9B-5D33-465A-A702-920D77279786}") = "Chap03", "Chap03\Chap03.fsproj", "{90BC5CFD-71B5-4B70-85C8-AFE2D4D11E15}"
EndProject
Project("{F2A71F9B-5D33-465A-A702-920D77279786}") = "Chap04", "Chap04\Chap04.fsproj", "{B78DDFB8-A6D4-44AD-B1EB-1D350BB105D1}"
EndProject
Project("{F2A71F9B-5D33-465A-A702-920D77279786}") = "Chap05", "Chap05\Chap05.fsproj", "{52583CB1-3210-4A1F-A28F-4FF9D25ABBD7}"
EndProject
Project("{F2A71F9B-5D33-465A-A702-920D77279786}") = "Chap06", "Chap06\Chap06.fsproj", "{3F9564CE-3038-48E5-9D9C-E618C56ABFCB}"
EndProject
Project("{F2A71F9B-5D33-465A-A702-920D77279786}") = "Chap07", "Chap07\Chap07.fsproj", "{68412C85-F021-4F9A-875C-2E622D47EE10}"
EndProject
Project("{F2A71F9B-5D33-465A-A702-920D77279786}") = "Chap08", "Chap08\Chap08.fsproj", "{ECF0755A-DEE0-41B3-B136-5903D072F852}"
EndProject
Project("{F2A71F9B-5D33-465A-A702-920D77279786}") = "Chap09", "Chap09\Chap09.fsproj", "{993E4CAC-1FFE-4EF6-90EE-6B18CE917B5E}"
EndProject
Project("{F2A71F9B-5D33-465A-A702-920D77279786}") = "Chap10", "Chap10\Chap10.fsproj", "{953FA57C-0D2A-4B6D-A03F-29BDFDE6A9FF}"
EndProject
Project("{F2A71F9B-5D33-465A-A702-920D77279786}") = "Chap11", "Chap11\Chap11.fsproj", "{7B5A945A-4168-4D1F-84E9-BB8E9C71EE59}"
EndProject
Global
	GlobalSection(SolutionConfigurationPlatforms) = preSolution
		Debug|Any CPU = Debug|Any CPU
		Release|Any CPU = Release|Any CPU
	EndGlobalSection
	GlobalSection(ProjectConfigurationPlatforms) = postSolution
		{FF50F60D-134F-4DBD-9EED-3E0789354CB3}.Debug|Any CPU.ActiveCfg = Debug|Any CPU
		{FF50F60D-134F-4DBD-9EED-3E0789354CB3}.Debug|Any CPU.Build.0 = Debug|Any CPU
		{FF50F60D-134F-4DBD-9EED-3E0789354CB3}.Release|Any CPU.ActiveCfg = Release|Any CPU
		{FF50F60D-134F-4DBD-9EED-3E0789354CB3}.Release|Any CPU.Build.0 = Release|Any CPU
		{6B3B0636-2FE0-4B01-89D4-55CF88B4D165}.Debug|Any CPU.ActiveCfg = Debug|Any CPU
		{6B3B0636-2FE0-4B01-89D4-55CF88B4D165}.Debug|Any CPU.Build.0 = Debug|Any CPU
		{6B3B0636-2FE0-4B01-89D4-55CF88B4D165}.Release|Any CPU.ActiveCfg = Release|Any CPU
		{6B3B0636-2FE0-4B01-89D4-55CF88B4D165}.Release|Any CPU.Build.0 = Release|Any CPU
		{90BC5CFD-71B5-4B70-85C8-AFE2D4D11E15}.Debug|Any CPU.ActiveCfg = Debug|Any CPU
		{90BC5CFD-71B5-4B70-85C8-AFE2D4D11E15}.Debug|Any CPU.Build.0 = Debug|Any CPU
		{90BC5CFD-71B5-4B70-85C8-AFE2D4D11E15}.Release|Any CPU.ActiveCfg = Release|Any CPU
		{90BC5CFD-71B5-4B70-85C8-AFE2D4D11E15}.Release|Any CPU.Build.0 = Release|Any CPU
		{B78DDFB8-A6D4-44AD-B1EB-1D350BB105D1}.Debug|Any CPU.ActiveCfg = Debug|Any CPU
		{B78DDFB8-A6D4-44AD-B1EB-1D350BB105D1}.Debug|Any CPU.Build.0 = Debug|Any CPU
		{B78DDFB8-A6D4-44AD-B1EB-1D350BB105D1}.Release|Any CPU.ActiveCfg = Release|Any CPU
		{B78DDFB8-A6D4-44AD-B1EB-1D350BB105D1}.Release|Any CPU.Build.0 = Release|Any CPU
		{52583CB1-3210-4A1F-A28F-4FF9D25ABBD7}.Debug|Any CPU.ActiveCfg = Debug|Any CPU
		{52583CB1-3210-4A1F-A28F-4FF9D25ABBD7}.Debug|Any CPU.Build.0 = Debug|Any CPU
		{52583CB1-3210-4A1F-A28F-4FF9D25ABBD7}.Release|Any CPU.ActiveCfg = Release|Any CPU
		{52583CB1-3210-4A1F-A28F-4FF9D25ABBD7}.Release|Any CPU.Build.0 = Release|Any CPU
		{3F9564CE-3038-48E5-9D9C-E618C56ABFCB}.Debug|Any CPU.ActiveCfg = Debug|Any CPU
		{3F9564CE-3038-48E5-9D9C-E618C56ABFCB}.Debug|Any CPU.Build.0 = Debug|Any CPU
		{3F9564CE-3038-48E5-9D9C-E618C56ABFCB}.Release|Any CPU.ActiveCfg = Release|Any CPU
		{3F9564CE-3038-48E5-9D9C-E618C56ABFCB}.Release|Any CPU.Build.0 = Release|Any CPU
		{68412C85-F021-4F9A-875C-2E622D47EE10}.Debug|Any CPU.ActiveCfg = Debug|Any CPU
		{68412C85-F021-4F9A-875C-2E622D47EE10}.Debug|Any CPU.Build.0 = Debug|Any CPU
		{68412C85-F021-4F9A-875C-2E622D47EE10}.Release|Any CPU.ActiveCfg = Release|Any CPU
		{68412C85-F021-4F9A-875C-2E622D47EE10}.Release|Any CPU.Build.0 = Release|Any CPU
		{ECF0755A-DEE0-41B3-B136-5903D072F852}.Debug|Any CPU.ActiveCfg = Debug|Any CPU
		{ECF0755A-DEE0-41B3-B136-5903D072F852}.Debug|Any CPU.Build.0 = Debug|Any CPU
		{ECF0755A-DEE0-41B3-B136-5903D072F852}.Release|Any CPU.ActiveCfg = Release|Any CPU
		{ECF0755A-DEE0-41B3-B136-5903D072F852}.Release|Any CPU.Build.0 = Release|Any CPU
		{993E4CAC-1FFE-4EF6-90EE-6B18CE917B5E}.Debug|Any CPU.ActiveCfg = Debug|Any CPU
		{993E4CAC-1FFE-4EF6-90EE-6B18CE917B5E}.Debug|Any CPU.Build.0 = Debug|Any CPU
		{993E4CAC-1FFE-4EF6-90EE-6B18CE917B5E}.Release|Any CPU.ActiveCfg = Release|Any CPU
		{993E4CAC-1FFE-4EF6-90EE-6B18CE917B5E}.Release|Any CPU.Build.0 = Release|Any CPU
		{953FA57C-0D2A-4B6D-A03F-29BDFDE6A9FF}.Debug|Any CPU.ActiveCfg = Debug|Any CPU
		{953FA57C-0D2A-4B6D-A03F-29BDFDE6A9FF}.Debug|Any CPU.Build.0 = Debug|Any CPU
		{953FA57C-0D2A-4B6D-A03F-29BDFDE6A9FF}.Release|Any CPU.ActiveCfg = Release|Any CPU
		{953FA57C-0D2A-4B6D-A03F-29BDFDE6A9FF}.Release|Any CPU.Build.0 = Release|Any CPU
		{7B5A945A-4168-4D1F-84E9-BB8E9C71EE59}.Debug|Any CPU.ActiveCfg = Debug|Any CPU
		{7B5A945A-4168-4D1F-84E9-BB8E9C71EE59}.Debug|Any CPU.Build.0 = Debug|Any CPU
		{7B5A945A-4168-4D1F-84E9-BB8E9C71EE59}.Release|Any CPU.ActiveCfg = Release|Any CPU
		{7B5A945A-4168-4D1F-84E9-BB8E9C71EE59}.Release|Any CPU.Build.0 = Release|Any CPU
	EndGlobalSection
EndGlobal
